
Microsoft Visual Studio Solution File, Format Version 12.00
# Visual Studio Version 16
VisualStudioVersion = 16.0.31105.61
MinimumVisualStudioVersion = 10.0.40219.1
Project("{FAE04EC0-301F-11D3-BF4B-00C04F79EFBC}") = "Webgentle.BookStore", "Webgentle.BookStore\Webgentle.BookStore.csproj", "{186103B8-681A-4862-B63A-18EDEF599167}"
EndProject
Global
	GlobalSection(SolutionConfigurationPlatforms) = preSolution
		Debug|Any CPU = Debug|Any CPU
		Release|Any CPU = Release|Any CPU
	EndGlobalSection
	GlobalSection(ProjectConfigurationPlatforms) = postSolution
		{186103B8-681A-4862-B63A-18EDEF599167}.Debug|Any CPU.ActiveCfg = Debug|Any CPU
		{186103B8-681A-4862-B63A-18EDEF599167}.Debug|Any CPU.Build.0 = Debug|Any CPU
		{186103B8-681A-4862-B63A-18EDEF599167}.Release|Any CPU.ActiveCfg = Release|Any CPU
		{186103B8-681A-4862-B63A-18EDEF599167}.Release|Any CPU.Build.0 = Release|Any CPU
	EndGlobalSection
	GlobalSection(SolutionProperties) = preSolution
		HideSolutionNode = FALSE
	EndGlobalSection
	GlobalSection(ExtensibilityGlobals) = postSolution
		SolutionGuid = {3009F9E4-408B-42AB-AB23-C0AD45B3D485}
	EndGlobalSection
EndGlobal
